
Microsoft Visual Studio Solution File, Format Version 12.00
# Visual Studio Version 16
VisualStudioVersion = 16.0.31025.194
MinimumVisualStudioVersion = 10.0.40219.1
Project("{FAE04EC0-301F-11D3-BF4B-00C04F79EFBC}") = "Entities", "Entities\Entities.csproj", "{1F443118-632A-4695-8B5F-C27250F7FC04}"
EndProject
Project("{FAE04EC0-301F-11D3-BF4B-00C04F79EFBC}") = "DataAccess", "DataAccess\DataAccess.csproj", "{654EB8B4-C7AF-493D-875E-E459C1AC58B1}"
EndProject
Project("{FAE04EC0-301F-11D3-BF4B-00C04F79EFBC}") = "Business", "Business\Business.csproj", "{E065CD7E-C692-4629-AEFF-EEF9892D1CDA}"
EndProject
Project("{FAE04EC0-301F-11D3-BF4B-00C04F79EFBC}") = "Core", "Core\Core.csproj", "{53DEA729-39AF-4FE4-888B-8C81F6710633}"
EndProject
Project("{FAE04EC0-301F-11D3-BF4B-00C04F79EFBC}") = "ConsoleUI", "ConsoleUI\ConsoleUI.csproj", "{E8D69A59-8F05-48E3-BBC6-B961F130AA94}"
EndProject
Global
	GlobalSection(SolutionConfigurationPlatforms) = preSolution
		Debug|Any CPU = Debug|Any CPU
		Release|Any CPU = Release|Any CPU
	EndGlobalSection
	GlobalSection(ProjectConfigurationPlatforms) = postSolution
		{1F443118-632A-4695-8B5F-C27250F7FC04}.Debug|Any CPU.ActiveCfg = Debug|Any CPU
		{1F443118-632A-4695-8B5F-C27250F7FC04}.Debug|Any CPU.Build.0 = Debug|Any CPU
		{1F443118-632A-4695-8B5F-C27250F7FC04}.Release|Any CPU.ActiveCfg = Release|Any CPU
		{1F443118-632A-4695-8B5F-C27250F7FC04}.Release|Any CPU.Build.0 = Release|Any CPU
		{654EB8B4-C7AF-493D-875E-E459C1AC58B1}.Debug|Any CPU.ActiveCfg = Debug|Any CPU
		{654EB8B4-C7AF-493D-875E-E459C1AC58B1}.Debug|Any CPU.Build.0 = Debug|Any CPU
		{654EB8B4-C7AF-493D-875E-E459C1AC58B1}.Release|Any CPU.ActiveCfg = Release|Any CPU
		{654EB8B4-C7AF-493D-875E-E459C1AC58B1}.Release|Any CPU.Build.0 = Release|Any CPU
		{E065CD7E-C692-4629-AEFF-EEF9892D1CDA}.Debug|Any CPU.ActiveCfg = Debug|Any CPU
		{E065CD7E-C692-4629-AEFF-EEF9892D1CDA}.Debug|Any CPU.Build.0 = Debug|Any CPU
		{E065CD7E-C692-4629-AEFF-EEF9892D1CDA}.Release|Any CPU.ActiveCfg = Release|Any CPU
		{E065CD7E-C692-4629-AEFF-EEF9892D1CDA}.Release|Any CPU.Build.0 = Release|Any CPU
		{53DEA729-39AF-4FE4-888B-8C81F6710633}.Debug|Any CPU.ActiveCfg = Debug|Any CPU
		{53DEA729-39AF-4FE4-888B-8C81F6710633}.Debug|Any CPU.Build.0 = Debug|Any CPU
		{53DEA729-39AF-4FE4-888B-8C81F6710633}.Release|Any CPU.ActiveCfg = Release|Any CPU
		{53DEA729-39AF-4FE4-888B-8C81F6710633}.Release|Any CPU.Build.0 = Release|Any CPU
		{E8D69A59-8F05-48E3-BBC6-B961F130AA94}.Debug|Any CPU.ActiveCfg = Debug|Any CPU
		{E8D69A59-8F05-48E3-BBC6-B961F130AA94}.Debug|Any CPU.Build.0 = Debug|Any CPU
		{E8D69A59-8F05-48E3-BBC6-B961F130AA94}.Release|Any CPU.ActiveCfg = Release|Any CPU
		{E8D69A59-8F05-48E3-BBC6-B961F130AA94}.Release|Any CPU.Build.0 = Release|Any CPU
	EndGlobalSection
	GlobalSection(SolutionProperties) = preSolution
		HideSolutionNode = FALSE
	EndGlobalSection
	GlobalSection(ExtensibilityGlobals) = postSolution
		SolutionGuid = {06B67A80-E0A1-4F2D-A9DD-C1684C4FDB41}
	EndGlobalSection
EndGlobal
